
Microsoft Visual Studio Solution File, Format Version 12.00
# Visual Studio 2017
Project("{FAE04EC0-301F-11D3-BF4B-00C04F79EFBC}") = "Misinformation", "Misinformation.csproj", "{615B7706-9D9C-34C1-3DDF-579F3239D92D}"
EndProject
Global
	GlobalSection(SolutionConfigurationPlatforms) = preSolution
		Debug|Any CPU = Debug|Any CPU
		Release|Any CPU = Release|Any CPU
	EndGlobalSection
	GlobalSection(ProjectConfigurationPlatforms) = postSolution
		{615B7706-9D9C-34C1-3DDF-579F3239D92D}.Debug|Any CPU.ActiveCfg = Debug|Any CPU
		{615B7706-9D9C-34C1-3DDF-579F3239D92D}.Debug|Any CPU.Build.0 = Debug|Any CPU
		{615B7706-9D9C-34C1-3DDF-579F3239D92D}.Release|Any CPU.ActiveCfg = Release|Any CPU
		{615B7706-9D9C-34C1-3DDF-579F3239D92D}.Release|Any CPU.Build.0 = Release|Any CPU
	EndGlobalSection
	GlobalSection(SolutionProperties) = preSolution
		HideSolutionNode = FALSE
	EndGlobalSection
EndGlobal
